PODS:
  - Alamofire (4.7.3)
  - ReactiveCocoa (8.0.2):
    - ReactiveSwift (~> 4.0)
  - ReactiveSwift (4.0.0):
    - Result (~> 4.0)
  - Result (4.0.0)
  - RGMapper (2.1)

DEPENDENCIES:
  - Alamofire (~> 4.7)
  - ReactiveCocoa (~> 8.0)
  - ReactiveSwift (~> 4.0)
  - Result (~> 4.0.0)
  - RGMapper (~> 2.1)

SPEC REPOS:
  https://github.com/cocoapods/specs.git:
    - Alamofire
    - ReactiveCocoa
    - ReactiveSwift
    - Result
    - RGMapper

SPEC CHECKSUMS:
  Alamofire: c7287b6e5d7da964a70935e5db17046b7fde6568
  ReactiveCocoa: fbd26e9ba60e98417ee47433e59465a98ed9da0f
  ReactiveSwift: a2bb9ace428a109e9c0209615645d9d286c8c433
  Result: 7645bb3f50c2ce726dd0ff2fa7b6f42bbe6c3713
  RGMapper: 5f4550f8fceb91e700203bb3ae71cf78a1bd215f

PODFILE CHECKSUM: 300d220b6fc96e5f17e36aeaaa9e572fa178fb50

COCOAPODS: 1.5.3
